// !$*UTF8*$!
{
	archiveVersion = 1;
	classes = {};
	objectVersion = 56;
	objects = {
		40798860DEED0CFAB7D530C4 = { isa = PBXFileReference; lastKnownFileType = sourcecode.swift; path = "Sources/WayDetect/GuidanceService.swift"; sourceTree = SOURCE_ROOT; };
		807801869EC0CD3E2BDDAB62 = { isa = PBXBuildFile; fileRef = 40798860DEED0CFAB7D530C4; };
		35946CD0F61CB145F165ACF1 = { isa = PBXFileReference; lastKnownFileType = sourcecode.swift; path = "Sources/WayDetect/MotionService.swift"; sourceTree = SOURCE_ROOT; };
		E68733E6941675B0A8B14A4F = { isa = PBXBuildFile; fileRef = 35946CD0F61CB145F165ACF1; };
		38DFA3CA850DB9D8D83944A8 = { isa = PBXFileReference; lastKnownFileType = sourcecode.swift; path = "Sources/WayDetect/Persistence.swift"; sourceTree = SOURCE_ROOT; };
		A654A4480FFE32AD2654FADB = { isa = PBXBuildFile; fileRef = 38DFA3CA850DB9D8D83944A8; };
		4C15D0C800647D9C23466B96 = { isa = PBXFileReference; lastKnownFileType = sourcecode.swift; path = "Sources/WayDetect/SessionController.swift"; sourceTree = SOURCE_ROOT; };
		0425F775156F3C63767A46F8 = { isa = PBXBuildFile; fileRef = 4C15D0C800647D9C23466B96; };
		94F6C27D3D6C25C107C684B3 = { isa = PBXFileReference; lastKnownFileType = sourcecode.swift; path = "Sources/WayDetect/Views/Components.swift"; sourceTree = SOURCE_ROOT; };
		7CF4EF93651F9D7D7924201D = { isa = PBXBuildFile; fileRef = 94F6C27D3D6C25C107C684B3; };
		ED6DF3E168153BA2DEE37AD9 = { isa = PBXFileReference; lastKnownFileType = sourcecode.swift; path = "Sources/WayDetect/Views/MeasurementView.swift"; sourceTree = SOURCE_ROOT; };
		8FD4B8F44B855BCD517015BB = { isa = PBXBuildFile; fileRef = ED6DF3E168153BA2DEE37AD9; };
		7DDAF42802EBB8A9B7AC4FDB = { isa = PBXFileReference; lastKnownFileType = sourcecode.swift; path = "Sources/WayDetect/Views/ResultsView.swift"; sourceTree = SOURCE_ROOT; };
		FFD7FF58FBC09AA654ABDD75 = { isa = PBXBuildFile; fileRef = 7DDAF42802EBB8A9B7AC4FDB; };
		1922AB057906781203DC0EAE = { isa = PBXFileReference; lastKnownFileType = sourcecode.swift; path = "Sources/WayDetect/Views/RoutesView.swift"; sourceTree = SOURCE_ROOT; };
		78C6E8C6B7D4063D3F838A96 = { isa = PBXBuildFile; fileRef = 1922AB057906781203DC0EAE; };
		38FC1CBB97A008D7C193CE29 = { isa = PBXFileReference; lastKnownFileType = sourcecode.swift; path = "Sources/WayDetect/Views/SettingsView.swift"; sourceTree = SOURCE_ROOT; };
		1048129B4B121900C20DD2D2 = { isa = PBXBuildFile; fileRef = 38FC1CBB97A008D7C193CE29; };
		409484F34F493119C1F9AC78 = { isa = PBXFileReference; lastKnownFileType = sourcecode.swift; path = "Sources/WayDetect/WayDetectApp.swift"; sourceTree = SOURCE_ROOT; };
		1665BF33A429453F16D91BF7 = { isa = PBXBuildFile; fileRef = 409484F34F493119C1F9AC78; };
		FC4A695F02A8A53A129DCB9A = { isa = PBXGroup; children = (40798860DEED0CFAB7D530C4, 35946CD0F61CB145F165ACF1, 38DFA3CA850DB9D8D83944A8, 4C15D0C800647D9C23466B96, 94F6C27D3D6C25C107C684B3, ED6DF3E168153BA2DEE37AD9, 7DDAF42802EBB8A9B7AC4FDB, 1922AB057906781203DC0EAE, 38FC1CBB97A008D7C193CE29, 409484F34F493119C1F9AC78,); name = App; sourceTree = "<group>"; };
		4CE61BC78D6047DC2F66D112 = { isa = PBXFileReference; lastKnownFileType = sourcecode.swift; path = "UITests/WayDetectUITests.swift"; sourceTree = SOURCE_ROOT; };
		413F37C98986E999CBC289C4 = { isa = PBXBuildFile; fileRef = 4CE61BC78D6047DC2F66D112; };
		8D5093D2C263EEDEAE2010BE = { isa = PBXGroup; children = (4CE61BC78D6047DC2F66D112,); name = UITests; sourceTree = "<group>"; };
		20E338624CEE29D0EFFEAD85 = { isa = PBXFileReference; lastKnownFileType = folder.assetcatalog; path = Resources/Assets.xcassets; sourceTree = SOURCE_ROOT; };
		8B9B3879395249F8001AC201 = { isa = PBXBuildFile; fileRef = 20E338624CEE29D0EFFEAD85; };
		2119FBC579040AD86224B861 = { isa = PBXFileReference; explicitFileType = wrapper.application; path = WayDetect.app; sourceTree = BUILT_PRODUCTS_DIR; };
		8F029C642C43A5E0A60D3E2F = { isa = PBXFileReference; explicitFileType = wrapper.cfbundle; path = WayDetectUITests.xctest; sourceTree = BUILT_PRODUCTS_DIR; };
		FE0A091FDBFB3E9C31B7A1BD = { isa = PBXGroup; children = (2119FBC579040AD86224B861, 8F029C642C43A5E0A60D3E2F,); name = Products; sourceTree = "<group>"; };
		E96857C58F716104CAEAD648 = { isa = PBXGroup; children = (FC4A695F02A8A53A129DCB9A, 8D5093D2C263EEDEAE2010BE, 20E338624CEE29D0EFFEAD85, FE0A091FDBFB3E9C31B7A1BD,); sourceTree = "<group>"; };
		EEFA2ADC05792F5C1C1A6481 = { isa = XCLocalSwiftPackageReference; relativePath = .; };
		EA281641D145F2D9F91A3FA8 = { isa = XCSwiftPackageProductDependency; package = EEFA2ADC05792F5C1C1A6481; productName = WayDetectCore; };
		57725CDA03D140AC16E11B84 = { isa = PBXBuildFile; productRef = EA281641D145F2D9F91A3FA8; };
		6805EC6AFDAFDBE18E2FF355 = { isa = PBXSourcesBuildPhase; buildActionMask = 2147483647; files = (807801869EC0CD3E2BDDAB62, E68733E6941675B0A8B14A4F, A654A4480FFE32AD2654FADB, 0425F775156F3C63767A46F8, 7CF4EF93651F9D7D7924201D, 8FD4B8F44B855BCD517015BB, FFD7FF58FBC09AA654ABDD75, 78C6E8C6B7D4063D3F838A96, 1048129B4B121900C20DD2D2, 1665BF33A429453F16D91BF7,); runOnlyForDeploymentPostprocessing = 0; };
		2AC7AB26953A78AD46B49603 = { isa = PBXResourcesBuildPhase; buildActionMask = 2147483647; files = (8B9B3879395249F8001AC201,); runOnlyForDeploymentPostprocessing = 0; };
		0F91A57B11B30F1A7980649D = { isa = PBXFrameworksBuildPhase; buildActionMask = 2147483647; files = (57725CDA03D140AC16E11B84,); runOnlyForDeploymentPostprocessing = 0; };
		87AA925F24AC656A8AAB80A9 = { isa = PBXSourcesBuildPhase; buildActionMask = 2147483647; files = (413F37C98986E999CBC289C4,); runOnlyForDeploymentPostprocessing = 0; };
		D6C04E321AC1AC815067AD02 = { isa = PBXFrameworksBuildPhase; buildActionMask = 2147483647; files = (); runOnlyForDeploymentPostprocessing = 0; };
		3AE5769FD855C19EA14EB139 = { isa = XCBuildConfiguration; buildSettings = { CLANG_ENABLE_MODULES = YES; CLANG_ENABLE_OBJC_ARC = YES; SWIFT_VERSION = 5.0; IPHONEOS_DEPLOYMENT_TARGET = 17.0; SDKROOT = iphoneos; ENABLE_USER_SCRIPT_SANDBOXING = YES; SWIFT_OPTIMIZATION_LEVEL = "-Onone"; DEBUG_INFORMATION_FORMAT = "dwarf"; ENABLE_TESTABILITY = YES; ONLY_ACTIVE_ARCH = YES; SWIFT_ACTIVE_COMPILATION_CONDITIONS = "DEBUG $(inherited)"; }; name = Debug; };
		D5483D2FB5CEEFE0F6A04A73 = { isa = XCBuildConfiguration; buildSettings = { PRODUCT_BUNDLE_IDENTIFIER = com.waydetect.prototype; PRODUCT_NAME = "$(TARGET_NAME)"; CODE_SIGN_STYLE = Automatic; CURRENT_PROJECT_VERSION = 1; MARKETING_VERSION = 1.0; INFOPLIST_FILE = Resources/Info.plist; GENERATE_INFOPLIST_FILE = NO; ASSETCATALOG_COMPILER_APPICON_NAME = AppIcon; ASSETCATALOG_COMPILER_GLOBAL_ACCENT_COLOR_NAME = AccentColor; TARGETED_DEVICE_FAMILY = 1; SUPPORTED_PLATFORMS = "iphoneos iphonesimulator"; SUPPORTS_MACCATALYST = NO; SUPPORTS_MAC_DESIGNED_FOR_IPHONE_IPAD = NO; LD_RUNPATH_SEARCH_PATHS = "$(inherited) @executable_path/Frameworks"; SWIFT_EMIT_LOC_STRINGS = YES; }; name = Debug; };
		4025B77D700D520A26A90957 = { isa = XCBuildConfiguration; buildSettings = { PRODUCT_BUNDLE_IDENTIFIER = com.waydetect.prototype.UITests; PRODUCT_NAME = "$(TARGET_NAME)"; CODE_SIGN_STYLE = Automatic; GENERATE_INFOPLIST_FILE = YES; TEST_TARGET_NAME = WayDetect; TARGETED_DEVICE_FAMILY = 1; SUPPORTED_PLATFORMS = "iphoneos iphonesimulator"; }; name = Debug; };
		CA2CDED722ED5C2DF19D818A = { isa = XCBuildConfiguration; buildSettings = { CLANG_ENABLE_MODULES = YES; CLANG_ENABLE_OBJC_ARC = YES; SWIFT_VERSION = 5.0; IPHONEOS_DEPLOYMENT_TARGET = 17.0; SDKROOT = iphoneos; ENABLE_USER_SCRIPT_SANDBOXING = YES; SWIFT_OPTIMIZATION_LEVEL = "-O"; DEBUG_INFORMATION_FORMAT = "dwarf-with-dsym"; ENABLE_TESTABILITY = NO; ONLY_ACTIVE_ARCH = NO; SWIFT_ACTIVE_COMPILATION_CONDITIONS = "$(inherited)"; }; name = Release; };
		C713B906210030C4AFF7DBD8 = { isa = XCBuildConfiguration; buildSettings = { PRODUCT_BUNDLE_IDENTIFIER = com.waydetect.prototype; PRODUCT_NAME = "$(TARGET_NAME)"; CODE_SIGN_STYLE = Automatic; CURRENT_PROJECT_VERSION = 1; MARKETING_VERSION = 1.0; INFOPLIST_FILE = Resources/Info.plist; GENERATE_INFOPLIST_FILE = NO; ASSETCATALOG_COMPILER_APPICON_NAME = AppIcon; ASSETCATALOG_COMPILER_GLOBAL_ACCENT_COLOR_NAME = AccentColor; TARGETED_DEVICE_FAMILY = 1; SUPPORTED_PLATFORMS = "iphoneos iphonesimulator"; SUPPORTS_MACCATALYST = NO; SUPPORTS_MAC_DESIGNED_FOR_IPHONE_IPAD = NO; LD_RUNPATH_SEARCH_PATHS = "$(inherited) @executable_path/Frameworks"; SWIFT_EMIT_LOC_STRINGS = YES; }; name = Release; };
		E4CC9A1767AEB52D4A3E9083 = { isa = XCBuildConfiguration; buildSettings = { PRODUCT_BUNDLE_IDENTIFIER = com.waydetect.prototype.UITests; PRODUCT_NAME = "$(TARGET_NAME)"; CODE_SIGN_STYLE = Automatic; GENERATE_INFOPLIST_FILE = YES; TEST_TARGET_NAME = WayDetect; TARGETED_DEVICE_FAMILY = 1; SUPPORTED_PLATFORMS = "iphoneos iphonesimulator"; }; name = Release; };
		12ECB39C0EE5375B90DDFB36 = { isa = XCConfigurationList; buildConfigurations = (3AE5769FD855C19EA14EB139, CA2CDED722ED5C2DF19D818A,); defaultConfigurationIsVisible = 0; defaultConfigurationName = Release; };
		2B7E04E20B902D557F0CE008 = { isa = XCConfigurationList; buildConfigurations = (D5483D2FB5CEEFE0F6A04A73, C713B906210030C4AFF7DBD8,); defaultConfigurationIsVisible = 0; defaultConfigurationName = Release; };
		BE8A01F27622C40131ADCABD = { isa = XCConfigurationList; buildConfigurations = (4025B77D700D520A26A90957, E4CC9A1767AEB52D4A3E9083,); defaultConfigurationIsVisible = 0; defaultConfigurationName = Release; };
		0352A6A2FCE048894C87B37E = { isa = PBXNativeTarget; buildConfigurationList = 2B7E04E20B902D557F0CE008; buildPhases = (6805EC6AFDAFDBE18E2FF355, 0F91A57B11B30F1A7980649D, 2AC7AB26953A78AD46B49603,); buildRules = (); dependencies = (); name = WayDetect; packageProductDependencies = (EA281641D145F2D9F91A3FA8,); productName = WayDetect; productReference = 2119FBC579040AD86224B861; productType = "com.apple.product-type.application"; };
		EF0794AFBCEA11C45624C999 = { isa = PBXContainerItemProxy; containerPortal = F6F4DA8D93E88A08220E03B7; proxyType = 1; remoteGlobalIDString = 0352A6A2FCE048894C87B37E; remoteInfo = WayDetect; };
		8BC62B80562684797FDF3D7A = { isa = PBXTargetDependency; target = 0352A6A2FCE048894C87B37E; targetProxy = EF0794AFBCEA11C45624C999; };
		C24B2138018A654E3D8BE775 = { isa = PBXNativeTarget; buildConfigurationList = BE8A01F27622C40131ADCABD; buildPhases = (87AA925F24AC656A8AAB80A9, D6C04E321AC1AC815067AD02,); buildRules = (); dependencies = (8BC62B80562684797FDF3D7A,); name = WayDetectUITests; productName = WayDetectUITests; productReference = 8F029C642C43A5E0A60D3E2F; productType = "com.apple.product-type.bundle.ui-testing"; };
		F6F4DA8D93E88A08220E03B7 = { isa = PBXProject; attributes = { LastUpgradeCheck = 2600; BuildIndependentTargetsInParallel = 1; TargetAttributes = { 0352A6A2FCE048894C87B37E = { CreatedOnToolsVersion = 26.0; }; C24B2138018A654E3D8BE775 = { CreatedOnToolsVersion = 26.0; TestTargetID = 0352A6A2FCE048894C87B37E; }; }; }; buildConfigurationList = 12ECB39C0EE5375B90DDFB36; compatibilityVersion = "Xcode 14.0"; developmentRegion = ko; hasScannedForEncodings = 0; knownRegions = (ko, en, Base); mainGroup = E96857C58F716104CAEAD648; packageReferences = (EEFA2ADC05792F5C1C1A6481,); productRefGroup = FE0A091FDBFB3E9C31B7A1BD; projectDirPath = ""; projectRoot = ""; targets = (0352A6A2FCE048894C87B37E, C24B2138018A654E3D8BE775,); };
	};
	rootObject = F6F4DA8D93E88A08220E03B7;
}
